
Microsoft Visual Studio Solution File, Format Version 12.00
# Visual Studio 15
VisualStudioVersion = 15.0.27130.2036
MinimumVisualStudioVersion = 10.0.40219.1
Project("{9A19103F-16F7-4668-BE54-9A1E7A4F7556}") = "Ferrari", "Ferrari\Ferrari.csproj", "{D27B3C2B-2A91-44F7-BBE6-9E32C0BD022C}"
EndProject
Project("{9A19103F-16F7-4668-BE54-9A1E7A4F7556}") = "Problem4.Telephony", "Problem4.Telephony\Problem4.Telephony.csproj", "{B01578AB-173D-4452-99D4-B9A23592A06E}"
EndProject
Project("{9A19103F-16F7-4668-BE54-9A1E7A4F7556}") = "5.BorderControl", "5.BorderControl\5.BorderControl.csproj", "{BF7451F7-6EC8-4220-836B-81EF88CEF1BA}"
EndProject
Project("{9A19103F-16F7-4668-BE54-9A1E7A4F7556}") = "Problem7.FoodShortage", "Problem7.FoodShortage\Problem7.FoodShortage.csproj", "{9B7B8FC4-06F7-445C-85F5-DF31F3E64C6B}"
EndProject
Project("{9A19103F-16F7-4668-BE54-9A1E7A4F7556}") = "Problem6.BirthdayCelebrations", "Problem6BirthdayCelebrations\Problem6.BirthdayCelebrations.csproj", "{ED690437-9E65-463B-8701-83EB619449E1}"
EndProject
Project("{9A19103F-16F7-4668-BE54-9A1E7A4F7556}") = "03.StudentSystem", "03.StudentSystem\03.StudentSystem.csproj", "{46A69B6F-3A13-44C1-A663-F1E679763030}"
EndProject
Project("{FAE04EC0-301F-11D3-BF4B-00C04F79EFBC}") = "04.HotelReservation", "04.HotelReservation\04.HotelReservation.csproj", "{463BF8D5-7397-4D61-959B-DAFBC942B49C}"
EndProject
Global
	GlobalSection(SolutionConfigurationPlatforms) = preSolution
		Debug|Any CPU = Debug|Any CPU
		Release|Any CPU = Release|Any CPU
	EndGlobalSection
	GlobalSection(ProjectConfigurationPlatforms) = postSolution
		{D27B3C2B-2A91-44F7-BBE6-9E32C0BD022C}.Debug|Any CPU.ActiveCfg = Debug|Any CPU
		{D27B3C2B-2A91-44F7-BBE6-9E32C0BD022C}.Debug|Any CPU.Build.0 = Debug|Any CPU
		{D27B3C2B-2A91-44F7-BBE6-9E32C0BD022C}.Release|Any CPU.ActiveCfg = Release|Any CPU
		{D27B3C2B-2A91-44F7-BBE6-9E32C0BD022C}.Release|Any CPU.Build.0 = Release|Any CPU
		{B01578AB-173D-4452-99D4-B9A23592A06E}.Debug|Any CPU.ActiveCfg = Debug|Any CPU
		{B01578AB-173D-4452-99D4-B9A23592A06E}.Debug|Any CPU.Build.0 = Debug|Any CPU
		{B01578AB-173D-4452-99D4-B9A23592A06E}.Release|Any CPU.ActiveCfg = Release|Any CPU
		{B01578AB-173D-4452-99D4-B9A23592A06E}.Release|Any CPU.Build.0 = Release|Any CPU
		{BF7451F7-6EC8-4220-836B-81EF88CEF1BA}.Debug|Any CPU.ActiveCfg = Debug|Any CPU
		{BF7451F7-6EC8-4220-836B-81EF88CEF1BA}.Debug|Any CPU.Build.0 = Debug|Any CPU
		{BF7451F7-6EC8-4220-836B-81EF88CEF1BA}.Release|Any CPU.ActiveCfg = Release|Any CPU
		{BF7451F7-6EC8-4220-836B-81EF88CEF1BA}.Release|Any CPU.Build.0 = Release|Any CPU
		{9B7B8FC4-06F7-445C-85F5-DF31F3E64C6B}.Debug|Any CPU.ActiveCfg = Debug|Any CPU
		{9B7B8FC4-06F7-445C-85F5-DF31F3E64C6B}.Debug|Any CPU.Build.0 = Debug|Any CPU
		{9B7B8FC4-06F7-445C-85F5-DF31F3E64C6B}.Release|Any CPU.ActiveCfg = Release|Any CPU
		{9B7B8FC4-06F7-445C-85F5-DF31F3E64C6B}.Release|Any CPU.Build.0 = Release|Any CPU
		{ED690437-9E65-463B-8701-83EB619449E1}.Debug|Any CPU.ActiveCfg = Debug|Any CPU
		{ED690437-9E65-463B-8701-83EB619449E1}.Debug|Any CPU.Build.0 = Debug|Any CPU
		{ED690437-9E65-463B-8701-83EB619449E1}.Release|Any CPU.ActiveCfg = Release|Any CPU
		{ED690437-9E65-463B-8701-83EB619449E1}.Release|Any CPU.Build.0 = Release|Any CPU
		{46A69B6F-3A13-44C1-A663-F1E679763030}.Debug|Any CPU.ActiveCfg = Debug|Any CPU
		{46A69B6F-3A13-44C1-A663-F1E679763030}.Debug|Any CPU.Build.0 = Debug|Any CPU
		{46A69B6F-3A13-44C1-A663-F1E679763030}.Release|Any CPU.ActiveCfg = Release|Any CPU
		{46A69B6F-3A13-44C1-A663-F1E679763030}.Release|Any CPU.Build.0 = Release|Any CPU
		{463BF8D5-7397-4D61-959B-DAFBC942B49C}.Debug|Any CPU.ActiveCfg = Debug|Any CPU
		{463BF8D5-7397-4D61-959B-DAFBC942B49C}.Debug|Any CPU.Build.0 = Debug|Any CPU
		{463BF8D5-7397-4D61-959B-DAFBC942B49C}.Release|Any CPU.ActiveCfg = Release|Any CPU
		{463BF8D5-7397-4D61-959B-DAFBC942B49C}.Release|Any CPU.Build.0 = Release|Any CPU
	EndGlobalSection
	GlobalSection(SolutionProperties) = preSolution
		HideSolutionNode = FALSE
	EndGlobalSection
	GlobalSection(ExtensibilityGlobals) = postSolution
		SolutionGuid = {70C8786D-D328-40E3-8B61-2434052BB3BC}
	EndGlobalSection
EndGlobal
